
Microsoft Visual Studio Solution File, Format Version 12.00
# Visual Studio Version 16
VisualStudioVersion = 16.0.31313.79
MinimumVisualStudioVersion = 10.0.40219.1
Project("{FAE04EC0-301F-11D3-BF4B-00C04F79EFBC}") = "Chronometer", "Chronometer\Chronometer.csproj", "{C23607EA-3B16-45A1-A983-0C17E3DDD73A}"
EndProject
Global
	GlobalSection(SolutionConfigurationPlatforms) = preSolution
		Debug|Any CPU = Debug|Any CPU
		Release|Any CPU = Release|Any CPU
	EndGlobalSection
	GlobalSection(ProjectConfigurationPlatforms) = postSolution
		{C23607EA-3B16-45A1-A983-0C17E3DDD73A}.Debug|Any CPU.ActiveCfg = Debug|Any CPU
		{C23607EA-3B16-45A1-A983-0C17E3DDD73A}.Debug|Any CPU.Build.0 = Debug|Any CPU
		{C23607EA-3B16-45A1-A983-0C17E3DDD73A}.Release|Any CPU.ActiveCfg = Release|Any CPU
		{C23607EA-3B16-45A1-A983-0C17E3DDD73A}.Release|Any CPU.Build.0 = Release|Any CPU
	EndGlobalSection
	GlobalSection(SolutionProperties) = preSolution
		HideSolutionNode = FALSE
	EndGlobalSection
	GlobalSection(ExtensibilityGlobals) = postSolution
		SolutionGuid = {D805E43D-EB89-4F4E-BB44-F4419E57097A}
	EndGlobalSection
EndGlobal
